
Microsoft Visual Studio Solution File, Format Version 12.00
# Visual Studio Version 18
VisualStudioVersion = 18.0.11205.157
MinimumVisualStudioVersion = 10.0.40219.1
Project("{FAE04EC0-301F-11D3-BF4B-00C04F79EFBC}") = "KontrolaPakowania.Server", "KontrolaPakowania.Server\KontrolaPakowania.Server.csproj", "{B53D76AC-56FC-4490-A0A2-B0DAEF309497}"
EndProject
Project("{FAE04EC0-301F-11D3-BF4B-00C04F79EFBC}") = "KontrolaPakowania.API", "KontrolaPakowania.API\KontrolaPakowania.API.csproj", "{BED68CAB-BB33-42A0-AB3D-25983DC8216C}"
EndProject
Project("{FAE04EC0-301F-11D3-BF4B-00C04F79EFBC}") = "KontrolaPakowania.Shared", "KontrolaPakowania.Shared\KontrolaPakowania.Shared.csproj", "{D674272B-9A18-4E8E-B03C-E87A9B532BF3}"
EndProject
Project("{FAE04EC0-301F-11D3-BF4B-00C04F79EFBC}") = "KontrolaPakowania.API.Tests", "KontrolaPakowania.API.Tests\KontrolaPakowania.API.Tests.csproj", "{6EA318D8-DDEB-47CF-8C67-F9455A0A140C}"
EndProject
Project("{FAE04EC0-301F-11D3-BF4B-00C04F79EFBC}") = "KontrolaPakowania.PrintAgent", "KontrolaPakowania.PrintAgent\KontrolaPakowania.PrintAgent.csproj", "{C13D25C0-8BEA-4A64-AB70-F35E430E304B}"
EndProject
Global
	GlobalSection(SolutionConfigurationPlatforms) = preSolution
		Debug|Any CPU = Debug|Any CPU
		Debug|x64 = Debug|x64
		Debug|x86 = Debug|x86
		Release|Any CPU = Release|Any CPU
		Release|x64 = Release|x64
		Release|x86 = Release|x86
	EndGlobalSection
	GlobalSection(ProjectConfigurationPlatforms) = postSolution
		{B53D76AC-56FC-4490-A0A2-B0DAEF309497}.Debug|Any CPU.ActiveCfg = Debug|Any CPU
		{B53D76AC-56FC-4490-A0A2-B0DAEF309497}.Debug|Any CPU.Build.0 = Debug|Any CPU
		{B53D76AC-56FC-4490-A0A2-B0DAEF309497}.Debug|x64.ActiveCfg = Debug|Any CPU
		{B53D76AC-56FC-4490-A0A2-B0DAEF309497}.Debug|x64.Build.0 = Debug|Any CPU
		{B53D76AC-56FC-4490-A0A2-B0DAEF309497}.Debug|x86.ActiveCfg = Debug|Any CPU
		{B53D76AC-56FC-4490-A0A2-B0DAEF309497}.Debug|x86.Build.0 = Debug|Any CPU
		{B53D76AC-56FC-4490-A0A2-B0DAEF309497}.Release|Any CPU.ActiveCfg = Release|Any CPU
		{B53D76AC-56FC-4490-A0A2-B0DAEF309497}.Release|Any CPU.Build.0 = Release|Any CPU
		{B53D76AC-56FC-4490-A0A2-B0DAEF309497}.Release|x64.ActiveCfg = Release|Any CPU
		{B53D76AC-56FC-4490-A0A2-B0DAEF309497}.Release|x64.Build.0 = Release|Any CPU
		{B53D76AC-56FC-4490-A0A2-B0DAEF309497}.Release|x86.ActiveCfg = Release|Any CPU
		{B53D76AC-56FC-4490-A0A2-B0DAEF309497}.Release|x86.Build.0 = Release|Any CPU
		{BED68CAB-BB33-42A0-AB3D-25983DC8216C}.Debug|Any CPU.ActiveCfg = Debug|Any CPU
		{BED68CAB-BB33-42A0-AB3D-25983DC8216C}.Debug|Any CPU.Build.0 = Debug|Any CPU
		{BED68CAB-BB33-42A0-AB3D-25983DC8216C}.Debug|x64.ActiveCfg = Debug|Any CPU
		{BED68CAB-BB33-42A0-AB3D-25983DC8216C}.Debug|x64.Build.0 = Debug|Any CPU
		{BED68CAB-BB33-42A0-AB3D-25983DC8216C}.Debug|x86.ActiveCfg = Debug|Any CPU
		{BED68CAB-BB33-42A0-AB3D-25983DC8216C}.Debug|x86.Build.0 = Debug|Any CPU
		{BED68CAB-BB33-42A0-AB3D-25983DC8216C}.Release|Any CPU.ActiveCfg = Release|Any CPU
		{BED68CAB-BB33-42A0-AB3D-25983DC8216C}.Release|Any CPU.Build.0 = Release|Any CPU
		{BED68CAB-BB33-42A0-AB3D-25983DC8216C}.Release|x64.ActiveCfg = Release|Any CPU
		{BED68CAB-BB33-42A0-AB3D-25983DC8216C}.Release|x64.Build.0 = Release|Any CPU
		{BED68CAB-BB33-42A0-AB3D-25983DC8216C}.Release|x86.ActiveCfg = Release|Any CPU
		{BED68CAB-BB33-42A0-AB3D-25983DC8216C}.Release|x86.Build.0 = Release|Any CPU
		{D674272B-9A18-4E8E-B03C-E87A9B532BF3}.Debug|Any CPU.ActiveCfg = Debug|Any CPU
		{D674272B-9A18-4E8E-B03C-E87A9B532BF3}.Debug|Any CPU.Build.0 = Debug|Any CPU
		{D674272B-9A18-4E8E-B03C-E87A9B532BF3}.Debug|x64.ActiveCfg = Debug|Any CPU
		{D674272B-9A18-4E8E-B03C-E87A9B532BF3}.Debug|x64.Build.0 = Debug|Any CPU
		{D674272B-9A18-4E8E-B03C-E87A9B532BF3}.Debug|x86.ActiveCfg = Debug|Any CPU
		{D674272B-9A18-4E8E-B03C-E87A9B532BF3}.Debug|x86.Build.0 = Debug|Any CPU
		{D674272B-9A18-4E8E-B03C-E87A9B532BF3}.Release|Any CPU.ActiveCfg = Release|Any CPU
		{D674272B-9A18-4E8E-B03C-E87A9B532BF3}.Release|Any CPU.Build.0 = Release|Any CPU
		{D674272B-9A18-4E8E-B03C-E87A9B532BF3}.Release|x64.ActiveCfg = Release|Any CPU
		{D674272B-9A18-4E8E-B03C-E87A9B532BF3}.Release|x64.Build.0 = Release|Any CPU
		{D674272B-9A18-4E8E-B03C-E87A9B532BF3}.Release|x86.ActiveCfg = Release|Any CPU
		{D674272B-9A18-4E8E-B03C-E87A9B532BF3}.Release|x86.Build.0 = Release|Any CPU
		{6EA318D8-DDEB-47CF-8C67-F9455A0A140C}.Debug|Any CPU.ActiveCfg = Debug|Any CPU
		{6EA318D8-DDEB-47CF-8C67-F9455A0A140C}.Debug|Any CPU.Build.0 = Debug|Any CPU
		{6EA318D8-DDEB-47CF-8C67-F9455A0A140C}.Debug|x64.ActiveCfg = Debug|Any CPU
		{6EA318D8-DDEB-47CF-8C67-F9455A0A140C}.Debug|x64.Build.0 = Debug|Any CPU
		{6EA318D8-DDEB-47CF-8C67-F9455A0A140C}.Debug|x86.ActiveCfg = Debug|Any CPU
		{6EA318D8-DDEB-47CF-8C67-F9455A0A140C}.Debug|x86.Build.0 = Debug|Any CPU
		{6EA318D8-DDEB-47CF-8C67-F9455A0A140C}.Release|Any CPU.ActiveCfg = Release|Any CPU
		{6EA318D8-DDEB-47CF-8C67-F9455A0A140C}.Release|Any CPU.Build.0 = Release|Any CPU
		{6EA318D8-DDEB-47CF-8C67-F9455A0A140C}.Release|x64.ActiveCfg = Release|Any CPU
		{6EA318D8-DDEB-47CF-8C67-F9455A0A140C}.Release|x64.Build.0 = Release|Any CPU
		{6EA318D8-DDEB-47CF-8C67-F9455A0A140C}.Release|x86.ActiveCfg = Release|Any CPU
		{6EA318D8-DDEB-47CF-8C67-F9455A0A140C}.Release|x86.Build.0 = Release|Any CPU
		{C13D25C0-8BEA-4A64-AB70-F35E430E304B}.Debug|Any CPU.ActiveCfg = Debug|Any CPU
		{C13D25C0-8BEA-4A64-AB70-F35E430E304B}.Debug|Any CPU.Build.0 = Debug|Any CPU
		{C13D25C0-8BEA-4A64-AB70-F35E430E304B}.Debug|x64.ActiveCfg = Debug|Any CPU
		{C13D25C0-8BEA-4A64-AB70-F35E430E304B}.Debug|x64.Build.0 = Debug|Any CPU
		{C13D25C0-8BEA-4A64-AB70-F35E430E304B}.Debug|x86.ActiveCfg = Debug|Any CPU
		{C13D25C0-8BEA-4A64-AB70-F35E430E304B}.Debug|x86.Build.0 = Debug|Any CPU
		{C13D25C0-8BEA-4A64-AB70-F35E430E304B}.Release|Any CPU.ActiveCfg = Release|Any CPU
		{C13D25C0-8BEA-4A64-AB70-F35E430E304B}.Release|Any CPU.Build.0 = Release|Any CPU
		{C13D25C0-8BEA-4A64-AB70-F35E430E304B}.Release|x64.ActiveCfg = Release|Any CPU
		{C13D25C0-8BEA-4A64-AB70-F35E430E304B}.Release|x64.Build.0 = Release|Any CPU
		{C13D25C0-8BEA-4A64-AB70-F35E430E304B}.Release|x86.ActiveCfg = Release|Any CPU
		{C13D25C0-8BEA-4A64-AB70-F35E430E304B}.Release|x86.Build.0 = Release|Any CPU
	EndGlobalSection
	GlobalSection(SolutionProperties) = preSolution
		HideSolutionNode = FALSE
	EndGlobalSection
	GlobalSection(ExtensibilityGlobals) = postSolution
		SolutionGuid = {44D2F7F6-4440-4D55-B535-7BA15E644225}
	EndGlobalSection
EndGlobal
